
Microsoft Visual Studio Solution File, Format Version 12.00
# Visual Studio Version 17
VisualStudioVersion = 17.14.36212.18 d17.14
MinimumVisualStudioVersion = 10.0.40219.1
Project("{FAE04EC0-301F-11D3-BF4B-00C04F79EFBC}") = "lista rozwijana", "lista rozwijana.csproj", "{FDD1AFF1-6D0E-4842-B89B-48EC79A0FFAA}"
EndProject
Global
	GlobalSection(SolutionConfigurationPlatforms) = preSolution
		Debug|Any CPU = Debug|Any CPU
		Release|Any CPU = Release|Any CPU
	EndGlobalSection
	GlobalSection(ProjectConfigurationPlatforms) = postSolution
		{FDD1AFF1-6D0E-4842-B89B-48EC79A0FFAA}.Debug|Any CPU.ActiveCfg = Debug|Any CPU
		{FDD1AFF1-6D0E-4842-B89B-48EC79A0FFAA}.Debug|Any CPU.Build.0 = Debug|Any CPU
		{FDD1AFF1-6D0E-4842-B89B-48EC79A0FFAA}.Release|Any CPU.ActiveCfg = Release|Any CPU
		{FDD1AFF1-6D0E-4842-B89B-48EC79A0FFAA}.Release|Any CPU.Build.0 = Release|Any CPU
	EndGlobalSection
	GlobalSection(SolutionProperties) = preSolution
		HideSolutionNode = FALSE
	EndGlobalSection
	GlobalSection(ExtensibilityGlobals) = postSolution
		SolutionGuid = {18C10C37-4802-423B-8260-0CAB3FE48490}
	EndGlobalSection
EndGlobal
