
Microsoft Visual Studio Solution File, Format Version 12.00
# Visual Studio Version 17
VisualStudioVersion = 17.9.34714.143
MinimumVisualStudioVersion = 10.0.40219.1
Project("{FAE04EC0-301F-11D3-BF4B-00C04F79EFBC}") = "lekcja", "lekcja.csproj", "{47379062-35A2-4849-8AB3-7C3909621993}"
EndProject
Global
	GlobalSection(SolutionConfigurationPlatforms) = preSolution
		Debug|Any CPU = Debug|Any CPU
		Release|Any CPU = Release|Any CPU
	EndGlobalSection
	GlobalSection(ProjectConfigurationPlatforms) = postSolution
		{47379062-35A2-4849-8AB3-7C3909621993}.Debug|Any CPU.ActiveCfg = Debug|Any CPU
		{47379062-35A2-4849-8AB3-7C3909621993}.Debug|Any CPU.Build.0 = Debug|Any CPU
		{47379062-35A2-4849-8AB3-7C3909621993}.Release|Any CPU.ActiveCfg = Release|Any CPU
		{47379062-35A2-4849-8AB3-7C3909621993}.Release|Any CPU.Build.0 = Release|Any CPU
	EndGlobalSection
	GlobalSection(SolutionProperties) = preSolution
		HideSolutionNode = FALSE
	EndGlobalSection
	GlobalSection(ExtensibilityGlobals) = postSolution
		SolutionGuid = {1F9F2FE6-DC39-438A-8220-16E25F43EBE1}
	EndGlobalSection
EndGlobal
