
Microsoft Visual Studio Solution File, Format Version 12.00
# Visual Studio Version 17
VisualStudioVersion = 17.14.36212.18 d17.14
MinimumVisualStudioVersion = 10.0.40219.1
Project("{FAE04EC0-301F-11D3-BF4B-00C04F79EFBC}") = "MathLib1", "MathLib1.csproj", "{942E0E97-FC83-4DCB-932C-C82ACDDD9147}"
EndProject
Global
	GlobalSection(SolutionConfigurationPlatforms) = preSolution
		Debug|Any CPU = Debug|Any CPU
		Release|Any CPU = Release|Any CPU
	EndGlobalSection
	GlobalSection(ProjectConfigurationPlatforms) = postSolution
		{942E0E97-FC83-4DCB-932C-C82ACDDD9147}.Debug|Any CPU.ActiveCfg = Debug|Any CPU
		{942E0E97-FC83-4DCB-932C-C82ACDDD9147}.Debug|Any CPU.Build.0 = Debug|Any CPU
		{942E0E97-FC83-4DCB-932C-C82ACDDD9147}.Release|Any CPU.ActiveCfg = Release|Any CPU
		{942E0E97-FC83-4DCB-932C-C82ACDDD9147}.Release|Any CPU.Build.0 = Release|Any CPU
	EndGlobalSection
	GlobalSection(SolutionProperties) = preSolution
		HideSolutionNode = FALSE
	EndGlobalSection
	GlobalSection(ExtensibilityGlobals) = postSolution
		SolutionGuid = {11D9B7D6-986B-4B5D-A5D2-55BCBCEA93E5}
	EndGlobalSection
EndGlobal
